
Microsoft Visual Studio Solution File, Format Version 12.00
# Visual Studio 2012
# SharpDevelop 5.1
VisualStudioVersion = 14.0.25420.1
MinimumVisualStudioVersion = 10.0.40219.1
Project("{FAE04EC0-301F-11D3-BF4B-00C04F79EFBC}") = "DE", "WinDE\DE.csproj", "{DC723218-42DF-4B53-9599-9A9975A0E4CC}"
EndProject
Project("{FAE04EC0-301F-11D3-BF4B-00C04F79EFBC}") = "DE-API", "WinDE-API\DE-API.csproj", "{81C20779-22D5-49B1-B033-CEEBA13D7812}"
EndProject
Global
	GlobalSection(SolutionConfigurationPlatforms) = preSolution
		Debug|Any CPU = Debug|Any CPU
		Release|Any CPU = Release|Any CPU
	EndGlobalSection
	GlobalSection(ProjectConfigurationPlatforms) = postSolution
		{DC723218-42DF-4B53-9599-9A9975A0E4CC}.Debug|Any CPU.ActiveCfg = Debug|Any CPU
		{DC723218-42DF-4B53-9599-9A9975A0E4CC}.Debug|Any CPU.Build.0 = Debug|Any CPU
		{DC723218-42DF-4B53-9599-9A9975A0E4CC}.Release|Any CPU.ActiveCfg = Release|Any CPU
		{DC723218-42DF-4B53-9599-9A9975A0E4CC}.Release|Any CPU.Build.0 = Release|Any CPU
		{81C20779-22D5-49B1-B033-CEEBA13D7812}.Debug|Any CPU.ActiveCfg = Debug|Any CPU
		{81C20779-22D5-49B1-B033-CEEBA13D7812}.Debug|Any CPU.Build.0 = Debug|Any CPU
		{81C20779-22D5-49B1-B033-CEEBA13D7812}.Release|Any CPU.ActiveCfg = Release|Any CPU
		{81C20779-22D5-49B1-B033-CEEBA13D7812}.Release|Any CPU.Build.0 = Release|Any CPU
	EndGlobalSection
	GlobalSection(SolutionProperties) = preSolution
		HideSolutionNode = FALSE
	EndGlobalSection
EndGlobal
